schema: '2.0'
stages:
  load_data:
    cmd: python -m src.load_data --config=params.yaml
    deps:
    - path: data_given/winequality.csv
      md5: 6a883fd98624e18c0b7ce251f4fab4fb
      size: 100951
    - path: src/getdata/get_data.py
      md5: cce44586dba635c7ff3cbaa55c4858ab
      size: 682
    - path: src/load_data.py
      md5: 9f21036f295db9ca674620a75522327d
      size: 678
    outs:
    - path: data/raw/winequality.csv
      md5: b81c95040ccc1f04820095a237ba3c61
      size: 95085
  split_data:
    cmd: python -m src.split_data --config=params.yaml
    deps:
    - path: data/raw/winequality.csv
      md5: b81c95040ccc1f04820095a237ba3c61
      size: 95085
    - path: src/split_data.py
      md5: 8d46451877429dd23e05295b3cbcdd3c
      size: 1120
    outs:
    - path: data/processed/test_winequality.csv
      md5: 420389d6fcceeb7da1311c6b14af875f
      size: 19157
    - path: data/processed/train_winequality.csv
      md5: eb194c439f11a763691ae2f66e305d74
      size: 76075
  train_and_evaluate:
    cmd: python -m src.train_and_evaluate --config=params.yaml
    deps:
    - path: data/processed/test_winequality.csv
      md5: 420389d6fcceeb7da1311c6b14af875f
      size: 19157
    - path: data/processed/train_winequality.csv
      md5: eb194c439f11a763691ae2f66e305d74
      size: 76075
    - path: src/train_and_evaluate.py
      md5: 41e873fab425200681150d5a62d6828b
      size: 2587
    params:
      params.yaml:
        estimators.ElasticNet.params.alpha: 0.9
        estimators.ElasticNet.params.l1_ratio: 0.4
    outs:
    - path: report/params.json
      md5: a4aab0167612f21a6085dd05cfafdbf6
      size: 44
    - path: report/scores.json
      md5: ca8b0fefd5d6cda2df73783c27c6e22a
      size: 101
    - path: saved_models/model.joblib
      md5: bdb7f2e695d6ac31eb0740678128de6b
      size: 1336
